
Microsoft Visual Studio Solution File, Format Version 11.00
# Visual Studio 2010
Project("{FAE04EC0-301F-11D3-BF4B-00C04F79EFBC}") = "Electrolyte.Core", "Electrolyte.Core\Electrolyte.Core.csproj", "{CF6CF5BB-DC12-4950-B13F-6370AE4488E7}"
EndProject
Project("{FAE04EC0-301F-11D3-BF4B-00C04F79EFBC}") = "Electrolyte.Test", "Electrolyte.Test\Electrolyte.Test.csproj", "{7421B600-7A0A-48D5-844C-423DA6C881F6}"
EndProject
Project("{FAE04EC0-301F-11D3-BF4B-00C04F79EFBC}") = "Electrolyte.CLI", "Electrolyte.CLI\Electrolyte.CLI.csproj", "{D0119E53-54C2-41C3-8F6B-D965ED390D8C}"
EndProject
Project("{2150E333-8FDC-42A3-9474-1A3956D46DE8}") = "Dependencies", "Dependencies", "{88005EE4-E417-4E76-B327-D9F62E626ED1}"
EndProject
Project("{FAE04EC0-301F-11D3-BF4B-00C04F79EFBC}") = "Electrolyte.OSX", "Electrolyte.OSX\Electrolyte.OSX.csproj", "{C88F96A6-E4A9-456C-91CA-635FBDFCF676}"
EndProject
Global
	GlobalSection(SolutionConfigurationPlatforms) = preSolution
		Debug|Any CPU = Debug|Any CPU
		Release|Any CPU = Release|Any CPU
		AppStore|Any CPU = AppStore|Any CPU
	EndGlobalSection
	GlobalSection(ProjectConfigurationPlatforms) = postSolution
		{7421B600-7A0A-48D5-844C-423DA6C881F6}.AppStore|Any CPU.ActiveCfg = Debug|Any CPU
		{7421B600-7A0A-48D5-844C-423DA6C881F6}.AppStore|Any CPU.Build.0 = Debug|Any CPU
		{7421B600-7A0A-48D5-844C-423DA6C881F6}.Debug|Any CPU.ActiveCfg = Debug|Any CPU
		{7421B600-7A0A-48D5-844C-423DA6C881F6}.Debug|Any CPU.Build.0 = Debug|Any CPU
		{7421B600-7A0A-48D5-844C-423DA6C881F6}.Release|Any CPU.ActiveCfg = Release|Any CPU
		{7421B600-7A0A-48D5-844C-423DA6C881F6}.Release|Any CPU.Build.0 = Release|Any CPU
		{C88F96A6-E4A9-456C-91CA-635FBDFCF676}.AppStore|Any CPU.ActiveCfg = AppStore|Any CPU
		{C88F96A6-E4A9-456C-91CA-635FBDFCF676}.AppStore|Any CPU.Build.0 = AppStore|Any CPU
		{C88F96A6-E4A9-456C-91CA-635FBDFCF676}.Debug|Any CPU.ActiveCfg = Debug|Any CPU
		{C88F96A6-E4A9-456C-91CA-635FBDFCF676}.Debug|Any CPU.Build.0 = Debug|Any CPU
		{C88F96A6-E4A9-456C-91CA-635FBDFCF676}.Release|Any CPU.ActiveCfg = Release|Any CPU
		{C88F96A6-E4A9-456C-91CA-635FBDFCF676}.Release|Any CPU.Build.0 = Release|Any CPU
		{CF6CF5BB-DC12-4950-B13F-6370AE4488E7}.AppStore|Any CPU.ActiveCfg = Debug|Any CPU
		{CF6CF5BB-DC12-4950-B13F-6370AE4488E7}.AppStore|Any CPU.Build.0 = Debug|Any CPU
		{CF6CF5BB-DC12-4950-B13F-6370AE4488E7}.Debug|Any CPU.ActiveCfg = Debug|Any CPU
		{CF6CF5BB-DC12-4950-B13F-6370AE4488E7}.Debug|Any CPU.Build.0 = Debug|Any CPU
		{CF6CF5BB-DC12-4950-B13F-6370AE4488E7}.Release|Any CPU.ActiveCfg = Release|Any CPU
		{CF6CF5BB-DC12-4950-B13F-6370AE4488E7}.Release|Any CPU.Build.0 = Release|Any CPU
		{D0119E53-54C2-41C3-8F6B-D965ED390D8C}.AppStore|Any CPU.ActiveCfg = Debug|Any CPU
		{D0119E53-54C2-41C3-8F6B-D965ED390D8C}.AppStore|Any CPU.Build.0 = Debug|Any CPU
		{D0119E53-54C2-41C3-8F6B-D965ED390D8C}.Debug|Any CPU.ActiveCfg = Debug|Any CPU
		{D0119E53-54C2-41C3-8F6B-D965ED390D8C}.Debug|Any CPU.Build.0 = Debug|Any CPU
		{D0119E53-54C2-41C3-8F6B-D965ED390D8C}.Release|Any CPU.ActiveCfg = Release|Any CPU
		{D0119E53-54C2-41C3-8F6B-D965ED390D8C}.Release|Any CPU.Build.0 = Release|Any CPU
	EndGlobalSection
	GlobalSection(NestedProjects) = preSolution
	EndGlobalSection
	GlobalSection(MonoDevelopProperties) = preSolution
		StartupItem = Electrolyte.OSX\Electrolyte.OSX.csproj
		Policies = $0
		$0.TextStylePolicy = $1
		$1.FileWidth = 120
		$1.TabsToSpaces = False
		$1.inheritsSet = VisualStudio
		$1.inheritsScope = text/plain
		$1.scope = text/x-csharp
		$0.CSharpFormattingPolicy = $2
		$2.AlignEmbeddedUsingStatements = False
		$2.AlignEmbeddedIfStatements = False
		$2.NamespaceBraceStyle = EndOfLine
		$2.ClassBraceStyle = EndOfLine
		$2.InterfaceBraceStyle = EndOfLine
		$2.StructBraceStyle = EndOfLine
		$2.EnumBraceStyle = EndOfLine
		$2.MethodBraceStyle = EndOfLine
		$2.ConstructorBraceStyle = EndOfLine
		$2.DestructorBraceStyle = EndOfLine
		$2.ElseNewLinePlacement = NewLine
		$2.ElseIfNewLinePlacement = SameLine
		$2.CatchNewLinePlacement = NewLine
		$2.FinallyNewLinePlacement = NewLine
		$2.WhileNewLinePlacement = DoNotCare
		$2.ArrayInitializerWrapping = DoNotChange
		$2.BeforeMethodDeclarationParentheses = False
		$2.BeforeMethodCallParentheses = False
		$2.BeforeConstructorDeclarationParentheses = False
		$2.BeforeIndexerDeclarationBracket = False
		$2.BeforeDelegateDeclarationParentheses = False
		$2.AfterDelegateDeclarationParameterComma = True
		$2.NewParentheses = False
		$2.IfParentheses = False
		$2.WhileParentheses = False
		$2.ForParentheses = False
		$2.ForeachParentheses = False
		$2.CatchParentheses = False
		$2.SwitchParentheses = False
		$2.LockParentheses = False
		$2.UsingParentheses = False
		$2.SpacesBeforeBrackets = False
		$2.inheritsSet = Mono
		$2.inheritsScope = text/x-csharp
		$2.scope = text/x-csharp
		$0.StandardHeader = $3
		$3.Text = 
		$3.IncludeInNewFiles = True
		$0.DotNetNamingPolicy = $4
		$4.DirectoryNamespaceAssociation = PrefixedHierarchical
		$4.ResourceNamePolicy = FileFormatDefault
		$0.TextStylePolicy = $5
		$5.FileWidth = 120
		$5.TabsToSpaces = False
		$5.inheritsSet = VisualStudio
		$5.inheritsScope = text/plain
		$5.scope = text/plain
	EndGlobalSection
EndGlobal
